
Microsoft Visual Studio Solution File, Format Version 12.00
# Visual Studio Version 16
VisualStudioVersion = 16.0.31727.386
MinimumVisualStudioVersion = 10.0.40219.1
Project("{FAE04EC0-301F-11D3-BF4B-00C04F79EFBC}") = "UWP_DEMO_1", "UWP_DEMO_1.csproj", "{C22DBA20-C5A4-42FE-A2FA-DC0AF16CA207}"
EndProject
Project("{FAE04EC0-301F-11D3-BF4B-00C04F79EFBC}") = "DatabaseHandler", "..\DatabaseHandler\DatabaseHandler.csproj", "{CF2BDA38-7D0C-4909-A833-6B5B1C1386A8}"
EndProject
Global
	GlobalSection(SolutionConfigurationPlatforms) = preSolution
		Debug|Any CPU = Debug|Any CPU
		Debug|ARM = Debug|ARM
		Debug|ARM64 = Debug|ARM64
		Debug|x64 = Debug|x64
		Debug|x86 = Debug|x86
		Release|Any CPU = Release|Any CPU
		Release|ARM = Release|ARM
		Release|ARM64 = Release|ARM64
		Release|x64 = Release|x64
		Release|x86 = Release|x86
	EndGlobalSection
	GlobalSection(ProjectConfigurationPlatforms) = postSolution
		{C22DBA20-C5A4-42FE-A2FA-DC0AF16CA207}.Debug|Any CPU.ActiveCfg = Debug|x86
		{C22DBA20-C5A4-42FE-A2FA-DC0AF16CA207}.Debug|ARM.ActiveCfg = Debug|ARM
		{C22DBA20-C5A4-42FE-A2FA-DC0AF16CA207}.Debug|ARM.Build.0 = Debug|ARM
		{C22DBA20-C5A4-42FE-A2FA-DC0AF16CA207}.Debug|ARM.Deploy.0 = Debug|ARM
		{C22DBA20-C5A4-42FE-A2FA-DC0AF16CA207}.Debug|ARM64.ActiveCfg = Debug|ARM64
		{C22DBA20-C5A4-42FE-A2FA-DC0AF16CA207}.Debug|ARM64.Build.0 = Debug|ARM64
		{C22DBA20-C5A4-42FE-A2FA-DC0AF16CA207}.Debug|ARM64.Deploy.0 = Debug|ARM64
		{C22DBA20-C5A4-42FE-A2FA-DC0AF16CA207}.Debug|x64.ActiveCfg = Debug|x64
		{C22DBA20-C5A4-42FE-A2FA-DC0AF16CA207}.Debug|x64.Build.0 = Debug|x64
		{C22DBA20-C5A4-42FE-A2FA-DC0AF16CA207}.Debug|x64.Deploy.0 = Debug|x64
		{C22DBA20-C5A4-42FE-A2FA-DC0AF16CA207}.Debug|x86.ActiveCfg = Debug|x86
		{C22DBA20-C5A4-42FE-A2FA-DC0AF16CA207}.Debug|x86.Build.0 = Debug|x86
		{C22DBA20-C5A4-42FE-A2FA-DC0AF16CA207}.Debug|x86.Deploy.0 = Debug|x86
		{C22DBA20-C5A4-42FE-A2FA-DC0AF16CA207}.Release|Any CPU.ActiveCfg = Release|x86
		{C22DBA20-C5A4-42FE-A2FA-DC0AF16CA207}.Release|ARM.ActiveCfg = Release|ARM
		{C22DBA20-C5A4-42FE-A2FA-DC0AF16CA207}.Release|ARM.Build.0 = Release|ARM
		{C22DBA20-C5A4-42FE-A2FA-DC0AF16CA207}.Release|ARM.Deploy.0 = Release|ARM
		{C22DBA20-C5A4-42FE-A2FA-DC0AF16CA207}.Release|ARM64.ActiveCfg = Release|ARM64
		{C22DBA20-C5A4-42FE-A2FA-DC0AF16CA207}.Release|ARM64.Build.0 = Release|ARM64
		{C22DBA20-C5A4-42FE-A2FA-DC0AF16CA207}.Release|ARM64.Deploy.0 = Release|ARM64
		{C22DBA20-C5A4-42FE-A2FA-DC0AF16CA207}.Release|x64.ActiveCfg = Release|x64
		{C22DBA20-C5A4-42FE-A2FA-DC0AF16CA207}.Release|x64.Build.0 = Release|x64
		{C22DBA20-C5A4-42FE-A2FA-DC0AF16CA207}.Release|x64.Deploy.0 = Release|x64
		{C22DBA20-C5A4-42FE-A2FA-DC0AF16CA207}.Release|x86.ActiveCfg = Release|x86
		{C22DBA20-C5A4-42FE-A2FA-DC0AF16CA207}.Release|x86.Build.0 = Release|x86
		{C22DBA20-C5A4-42FE-A2FA-DC0AF16CA207}.Release|x86.Deploy.0 = Release|x86
		{CF2BDA38-7D0C-4909-A833-6B5B1C1386A8}.Debug|Any CPU.ActiveCfg = Debug|Any CPU
		{CF2BDA38-7D0C-4909-A833-6B5B1C1386A8}.Debug|Any CPU.Build.0 = Debug|Any CPU
		{CF2BDA38-7D0C-4909-A833-6B5B1C1386A8}.Debug|ARM.ActiveCfg = Debug|ARM
		{CF2BDA38-7D0C-4909-A833-6B5B1C1386A8}.Debug|ARM.Build.0 = Debug|ARM
		{CF2BDA38-7D0C-4909-A833-6B5B1C1386A8}.Debug|ARM64.ActiveCfg = Debug|ARM64
		{CF2BDA38-7D0C-4909-A833-6B5B1C1386A8}.Debug|ARM64.Build.0 = Debug|ARM64
		{CF2BDA38-7D0C-4909-A833-6B5B1C1386A8}.Debug|x64.ActiveCfg = Debug|x64
		{CF2BDA38-7D0C-4909-A833-6B5B1C1386A8}.Debug|x64.Build.0 = Debug|x64
		{CF2BDA38-7D0C-4909-A833-6B5B1C1386A8}.Debug|x86.ActiveCfg = Debug|x86
		{CF2BDA38-7D0C-4909-A833-6B5B1C1386A8}.Debug|x86.Build.0 = Debug|x86
		{CF2BDA38-7D0C-4909-A833-6B5B1C1386A8}.Release|Any CPU.ActiveCfg = Release|Any CPU
		{CF2BDA38-7D0C-4909-A833-6B5B1C1386A8}.Release|Any CPU.Build.0 = Release|Any CPU
		{CF2BDA38-7D0C-4909-A833-6B5B1C1386A8}.Release|ARM.ActiveCfg = Release|ARM
		{CF2BDA38-7D0C-4909-A833-6B5B1C1386A8}.Release|ARM.Build.0 = Release|ARM
		{CF2BDA38-7D0C-4909-A833-6B5B1C1386A8}.Release|ARM64.ActiveCfg = Release|ARM64
		{CF2BDA38-7D0C-4909-A833-6B5B1C1386A8}.Release|ARM64.Build.0 = Release|ARM64
		{CF2BDA38-7D0C-4909-A833-6B5B1C1386A8}.Release|x64.ActiveCfg = Release|x64
		{CF2BDA38-7D0C-4909-A833-6B5B1C1386A8}.Release|x64.Build.0 = Release|x64
		{CF2BDA38-7D0C-4909-A833-6B5B1C1386A8}.Release|x86.ActiveCfg = Release|x86
		{CF2BDA38-7D0C-4909-A833-6B5B1C1386A8}.Release|x86.Build.0 = Release|x86
	EndGlobalSection
	GlobalSection(SolutionProperties) = preSolution
		HideSolutionNode = FALSE
	EndGlobalSection
	GlobalSection(ExtensibilityGlobals) = postSolution
		SolutionGuid = {E2F5E9FD-6930-40C7-A9DC-A447CB3CB87A}
	EndGlobalSection
EndGlobal
